
Microsoft Visual Studio Solution File, Format Version 12.00
# Visual Studio Version 16
VisualStudioVersion = 16.0.31205.134
MinimumVisualStudioVersion = 10.0.40219.1
Project("{9A19103F-16F7-4668-BE54-9A1E7A4F7556}") = "syscode", "syscode\syscode.csproj", "{26CC377E-A2C0-4EF6-9569-24A968D13489}"
EndProject
Project("{9A19103F-16F7-4668-BE54-9A1E7A4F7556}") = "UnitTestProject", "UnitTestProject\UnitTestProject.csproj", "{2B7361F9-4FCA-45B2-B9B3-C810CA4C8A64}"
EndProject
Project("{2150E333-8FDC-42A3-9474-1A3956D46DE8}") = ".nuget", ".nuget", "{C2C10CD0-11C4-4EE4-9FCD-EA71D36224DF}"
	ProjectSection(SolutionItems) = preProject
		.nuget\syscode.nuspec = .nuget\syscode.nuspec
	EndProjectSection
EndProject
Global
	GlobalSection(SolutionConfigurationPlatforms) = preSolution
		Debug|Any CPU = Debug|Any CPU
		Release|Any CPU = Release|Any CPU
	EndGlobalSection
	GlobalSection(ProjectConfigurationPlatforms) = postSolution
		{26CC377E-A2C0-4EF6-9569-24A968D13489}.Debug|Any CPU.ActiveCfg = Debug|Any CPU
		{26CC377E-A2C0-4EF6-9569-24A968D13489}.Debug|Any CPU.Build.0 = Debug|Any CPU
		{26CC377E-A2C0-4EF6-9569-24A968D13489}.Release|Any CPU.ActiveCfg = Release|Any CPU
		{26CC377E-A2C0-4EF6-9569-24A968D13489}.Release|Any CPU.Build.0 = Release|Any CPU
		{2B7361F9-4FCA-45B2-B9B3-C810CA4C8A64}.Debug|Any CPU.ActiveCfg = Debug|Any CPU
		{2B7361F9-4FCA-45B2-B9B3-C810CA4C8A64}.Debug|Any CPU.Build.0 = Debug|Any CPU
		{2B7361F9-4FCA-45B2-B9B3-C810CA4C8A64}.Release|Any CPU.ActiveCfg = Release|Any CPU
		{2B7361F9-4FCA-45B2-B9B3-C810CA4C8A64}.Release|Any CPU.Build.0 = Release|Any CPU
	EndGlobalSection
	GlobalSection(SolutionProperties) = preSolution
		HideSolutionNode = FALSE
	EndGlobalSection
	GlobalSection(ExtensibilityGlobals) = postSolution
		SolutionGuid = {F96287B1-33D8-479C-A603-78EC76C03AB8}
	EndGlobalSection
EndGlobal
